
Microsoft Visual Studio Solution File, Format Version 12.00
# Visual Studio Version 17
VisualStudioVersion = 17.3.32901.215
MinimumVisualStudioVersion = 10.0.40219.1
Project("{9A19103F-16F7-4668-BE54-9A1E7A4F7556}") = "Start HD SDT 1.3", "Start HD SDT 1.3.csproj", "{8789C62E-0D95-4B0B-B23C-98EA288162A8}"
EndProject
Global
	GlobalSection(SolutionConfigurationPlatforms) = preSolution
		Debug|Any CPU = Debug|Any CPU
		Release|Any CPU = Release|Any CPU
	EndGlobalSection
	GlobalSection(ProjectConfigurationPlatforms) = postSolution
		{8789C62E-0D95-4B0B-B23C-98EA288162A8}.Debug|Any CPU.ActiveCfg = Debug|Any CPU
		{8789C62E-0D95-4B0B-B23C-98EA288162A8}.Debug|Any CPU.Build.0 = Debug|Any CPU
		{8789C62E-0D95-4B0B-B23C-98EA288162A8}.Release|Any CPU.ActiveCfg = Release|Any CPU
		{8789C62E-0D95-4B0B-B23C-98EA288162A8}.Release|Any CPU.Build.0 = Release|Any CPU
	EndGlobalSection
	GlobalSection(SolutionProperties) = preSolution
		HideSolutionNode = FALSE
	EndGlobalSection
	GlobalSection(ExtensibilityGlobals) = postSolution
		SolutionGuid = {A354D440-BD73-4931-BC9B-2814291F4CB6}
	EndGlobalSection
EndGlobal
